
Microsoft Visual Studio Solution File, Format Version 12.00
# Visual Studio Version 16
VisualStudioVersion = 16.0.30114.105
MinimumVisualStudioVersion = 10.0.40219.1
Project("{FAE04EC0-301F-11D3-BF4B-00C04F79EFBC}") = "PhantomDotNet", "PhantomDotNet\PhantomDotNet.csproj", "{3EE09868-B5BA-41CE-A49D-A32DF7FF01C4}"
EndProject
Project("{FAE04EC0-301F-11D3-BF4B-00C04F79EFBC}") = "FormatPreservingEncryption", "FormatPreservingEncryption\FormatPreservingEncryption.csproj", "{5AC27723-D85F-4398-ACAA-4B23958813AA}"
EndProject
Project("{FAE04EC0-301F-11D3-BF4B-00C04F79EFBC}") = "ShamirsSecretSharing", "ShamirsSecretSharing\ShamirsSecretSharing.csproj", "{DAA53ED2-C7B9-4EA5-BD98-47F950DFB828}"
EndProject
Project("{FAE04EC0-301F-11D3-BF4B-00C04F79EFBC}") = "UnitTest", "UnitTest\UnitTest.csproj", "{D97A5B3F-7BF4-4260-A858-E17D0C9C3706}"
EndProject
Global
	GlobalSection(SolutionConfigurationPlatforms) = preSolution
		Debug|Any CPU = Debug|Any CPU
		Release|Any CPU = Release|Any CPU
	EndGlobalSection
	GlobalSection(SolutionProperties) = preSolution
		HideSolutionNode = FALSE
	EndGlobalSection
	GlobalSection(ProjectConfigurationPlatforms) = postSolution
		{3EE09868-B5BA-41CE-A49D-A32DF7FF01C4}.Debug|Any CPU.ActiveCfg = Debug|Any CPU
		{3EE09868-B5BA-41CE-A49D-A32DF7FF01C4}.Debug|Any CPU.Build.0 = Debug|Any CPU
		{3EE09868-B5BA-41CE-A49D-A32DF7FF01C4}.Release|Any CPU.ActiveCfg = Release|Any CPU
		{3EE09868-B5BA-41CE-A49D-A32DF7FF01C4}.Release|Any CPU.Build.0 = Release|Any CPU
		{5AC27723-D85F-4398-ACAA-4B23958813AA}.Debug|Any CPU.ActiveCfg = Debug|Any CPU
		{5AC27723-D85F-4398-ACAA-4B23958813AA}.Debug|Any CPU.Build.0 = Debug|Any CPU
		{5AC27723-D85F-4398-ACAA-4B23958813AA}.Release|Any CPU.ActiveCfg = Release|Any CPU
		{5AC27723-D85F-4398-ACAA-4B23958813AA}.Release|Any CPU.Build.0 = Release|Any CPU
		{DAA53ED2-C7B9-4EA5-BD98-47F950DFB828}.Debug|Any CPU.ActiveCfg = Debug|Any CPU
		{DAA53ED2-C7B9-4EA5-BD98-47F950DFB828}.Debug|Any CPU.Build.0 = Debug|Any CPU
		{DAA53ED2-C7B9-4EA5-BD98-47F950DFB828}.Release|Any CPU.ActiveCfg = Release|Any CPU
		{DAA53ED2-C7B9-4EA5-BD98-47F950DFB828}.Release|Any CPU.Build.0 = Release|Any CPU
		{D97A5B3F-7BF4-4260-A858-E17D0C9C3706}.Debug|Any CPU.ActiveCfg = Debug|Any CPU
		{D97A5B3F-7BF4-4260-A858-E17D0C9C3706}.Debug|Any CPU.Build.0 = Debug|Any CPU
		{D97A5B3F-7BF4-4260-A858-E17D0C9C3706}.Release|Any CPU.ActiveCfg = Release|Any CPU
		{D97A5B3F-7BF4-4260-A858-E17D0C9C3706}.Release|Any CPU.Build.0 = Release|Any CPU
	EndGlobalSection
EndGlobal
